{
  "nodes": {
    "nixpkgs": {
      "locked": {
        "lastModified": 1791085218,
        "narHash": "sha256-T1VbAlHaHtp0u7e0MFTxWbfONW9rNt94pBzMPPweQPk=",
        "owner": "nix-community",
        "repo": "nixpkgs.lib",
        "rev": "84c0df294bb8987f10938edc1aaa6b128ef913be",
        "type": "github"
      },
      "original": {
        "owner": "nix-community",
        "repo": "nixpkgs.lib",
        "type": "github"
      }
    },
    "root": {
      "inputs": {
        "nixpkgs": "nixpkgs"
      }
    }
  },
  "root": "root",
  "version": 7
}
